// !$*UTF8*$!
{
	archiveVersion = 1;
	classes = {
	};
	objectVersion = 56;
	objects = {

/* Begin PBXBuildFile section */
		602B4F722A396F65000F579F /* UsersPOCApp.swift in Sources */ = {isa = PBXBuildFile; fileRef = 602B4F712A396F65000F579F /* UsersPOCApp.swift */; };
		602B4F742A396F65000F579F /* ContentView.swift in Sources */ = {isa = PBXBuildFile; fileRef = 602B4F732A396F65000F579F /* ContentView.swift */; };
		602B4F762A396F66000F579F /* Assets.xcassets in Resources */ = {isa = PBXBuildFile; fileRef = 602B4F752A396F66000F579F /* Assets.xcassets */; };
		602B4F792A396F66000F579F /* Preview Assets.xcassets in Resources */ = {isa = PBXBuildFile; fileRef = 602B4F782A396F66000F579F /* Preview Assets.xcassets */; };
		602B4F842A397047000F579F /* UserModel.swift in Sources */ = {isa = PBXBuildFile; fileRef = 602B4F832A397047000F579F /* UserModel.swift */; };
		602B4F862A39707F000F579F /* UsersViewModel.swift in Sources */ = {isa = PBXBuildFile; fileRef = 602B4F852A39707F000F579F /* UsersViewModel.swift */; };
		602B4F892A3970BE000F579F /* UsersIndexView.swift in Sources */ = {isa = PBXBuildFile; fileRef = 602B4F882A3970BE000F579F /* UsersIndexView.swift */; };
		602B4F8B2A3970CB000F579F /* UsersShowView.swift in Sources */ = {isa = PBXBuildFile; fileRef = 602B4F8A2A3970CB000F579F /* UsersShowView.swift */; };
		602B4F8D2A3970F2000F579F /* UserService.swift in Sources */ = {isa = PBXBuildFile; fileRef = 602B4F8C2A3970F2000F579F /* UserService.swift */; };
		602B4F8F2A397815000F579F /* NetworkError.swift in Sources */ = {isa = PBXBuildFile; fileRef = 602B4F8E2A397815000F579F /* NetworkError.swift */; };
		602B4F912A3986CC000F579F /* UserPannelView.swift in Sources */ = {isa = PBXBuildFile; fileRef = 602B4F902A3986CC000F579F /* UserPannelView.swift */; };
		602B4F992A399AAA000F579F /* UsersPOC_UnitTests.swift in Sources */ = {isa = PBXBuildFile; fileRef = 602B4F982A399AAA000F579F /* UsersPOC_UnitTests.swift */; };
		602B4FA12A399AE3000F579F /* UserService_Test.swift in Sources */ = {isa = PBXBuildFile; fileRef = 602B4FA02A399AE3000F579F /* UserService_Test.swift */; };
		602B4FA42A39A8D3000F579F /* UserViewModel_Test.swift in Sources */ = {isa = PBXBuildFile; fileRef = 602B4FA32A39A8D3000F579F /* UserViewModel_Test.swift */; };
/* End PBXBuildFile section */

/* Begin PBXContainerItemProxy section */
		602B4F9A2A399AAA000F579F /* PBXContainerItemProxy */ = {
			isa = PBXContainerItemProxy;
			containerPortal = 602B4F662A396F65000F579F /* Project object */;
			proxyType = 1;
			remoteGlobalIDString = 602B4F6D2A396F65000F579F;
			remoteInfo = UsersPOC;
		};
/* End PBXContainerItemProxy section */

/* Begin PBXFileReference section */
		602B4F6E2A396F65000F579F /* UsersPOC.app */ = {isa = PBXFileReference; explicitFileType = wrapper.application; includeInIndex = 0; path = UsersPOC.app; sourceTree = BUILT_PRODUCTS_DIR; };
		602B4F712A396F65000F579F /* UsersPOCApp.swift */ = {isa = PBXFileReference; lastKnownFileType = sourcecode.swift; path = UsersPOCApp.swift; sourceTree = "<group>"; };
		602B4F732A396F65000F579F /* ContentView.swift */ = {isa = PBXFileReference; lastKnownFileType = sourcecode.swift; path = ContentView.swift; sourceTree = "<group>"; };
		602B4F752A396F66000F579F /* Assets.xcassets */ = {isa = PBXFileReference; lastKnownFileType = folder.assetcatalog; path = Assets.xcassets; sourceTree = "<group>"; };
		602B4F782A396F66000F579F /* Preview Assets.xcassets */ = {isa = PBXFileReference; lastKnownFileType = folder.assetcatalog; path = "Preview Assets.xcassets"; sourceTree = "<group>"; };
		602B4F832A397047000F579F /* UserModel.swift */ = {isa = PBXFileReference; lastKnownFileType = sourcecode.swift; path = UserModel.swift; sourceTree = "<group>"; };
		602B4F852A39707F000F579F /* UsersViewModel.swift */ = {isa = PBXFileReference; lastKnownFileType = sourcecode.swift; path = UsersViewModel.swift; sourceTree = "<group>"; };
		602B4F882A3970BE000F579F /* UsersIndexView.swift */ = {isa = PBXFileReference; lastKnownFileType = sourcecode.swift; path = UsersIndexView.swift; sourceTree = "<group>"; };
		602B4F8A2A3970CB000F579F /* UsersShowView.swift */ = {isa = PBXFileReference; lastKnownFileType = sourcecode.swift; path = UsersShowView.swift; sourceTree = "<group>"; };
		602B4F8C2A3970F2000F579F /* UserService.swift */ = {isa = PBXFileReference; lastKnownFileType = sourcecode.swift; path = UserService.swift; sourceTree = "<group>"; };
		602B4F8E2A397815000F579F /* NetworkError.swift */ = {isa = PBXFileReference; lastKnownFileType = sourcecode.swift; path = NetworkError.swift; sourceTree = "<group>"; };
		602B4F902A3986CC000F579F /* UserPannelView.swift */ = {isa = PBXFileReference; lastKnownFileType = sourcecode.swift; path = UserPannelView.swift; sourceTree = "<group>"; };
		602B4F962A399AAA000F579F /* UsersPOC_UnitTests.xctest */ = {isa = PBXFileReference; explicitFileType = wrapper.cfbundle; includeInIndex = 0; path = UsersPOC_UnitTests.xctest; sourceTree = BUILT_PRODUCTS_DIR; };
		602B4F982A399AAA000F579F /* UsersPOC_UnitTests.swift */ = {isa = PBXFileReference; lastKnownFileType = sourcecode.swift; path = UsersPOC_UnitTests.swift; sourceTree = "<group>"; };
		602B4FA02A399AE3000F579F /* UserService_Test.swift */ = {isa = PBXFileReference; lastKnownFileType = sourcecode.swift; path = UserService_Test.swift; sourceTree = "<group>"; };
		602B4FA32A39A8D3000F579F /* UserViewModel_Test.swift */ = {isa = PBXFileReference; lastKnownFileType = sourcecode.swift; path = UserViewModel_Test.swift; sourceTree = "<group>"; };
/* End PBXFileReference section */

/* Begin PBXFrameworksBuildPhase section */
		602B4F6B2A396F65000F579F /* Frameworks */ = {
			isa = PBXFrameworksBuildPhase;
			buildActionMask = 2147483647;
			files = (
			);
			runOnlyForDeploymentPostprocessing = 0;
		};
		602B4F932A399AAA000F579F /* Frameworks */ = {
			isa = PBXFrameworksBuildPhase;
			buildActionMask = 2147483647;
			files = (
			);
			runOnlyForDeploymentPostprocessing = 0;
		};
/* End PBXFrameworksBuildPhase section */

/* Begin PBXGroup section */
		602B4F652A396F65000F579F = {
			isa = PBXGroup;
			children = (
				602B4F702A396F65000F579F /* UsersPOC */,
				602B4F972A399AAA000F579F /* UsersPOC_UnitTests */,
				602B4F6F2A396F65000F579F /* Products */,
			);
			sourceTree = "<group>";
		};
		602B4F6F2A396F65000F579F /* Products */ = {
			isa = PBXGroup;
			children = (
				602B4F6E2A396F65000F579F /* UsersPOC.app */,
				602B4F962A399AAA000F579F /* UsersPOC_UnitTests.xctest */,
			);
			name = Products;
			sourceTree = "<group>";
		};
		602B4F702A396F65000F579F /* UsersPOC */ = {
			isa = PBXGroup;
			children = (
				602B4F802A396FC3000F579F /* Components */,
				602B4F7F2A396FAB000F579F /* Services */,
				602B4F712A396F65000F579F /* UsersPOCApp.swift */,
				602B4F732A396F65000F579F /* ContentView.swift */,
				602B4F752A396F66000F579F /* Assets.xcassets */,
				602B4F772A396F66000F579F /* Preview Content */,
			);
			path = UsersPOC;
			sourceTree = "<group>";
		};
		602B4F772A396F66000F579F /* Preview Content */ = {
			isa = PBXGroup;
			children = (
				602B4F782A396F66000F579F /* Preview Assets.xcassets */,
			);
			path = "Preview Content";
			sourceTree = "<group>";
		};
		602B4F7F2A396FAB000F579F /* Services */ = {
			isa = PBXGroup;
			children = (
				602B4F8C2A3970F2000F579F /* UserService.swift */,
				602B4F8E2A397815000F579F /* NetworkError.swift */,
			);
			path = Services;
			sourceTree = "<group>";
		};
		602B4F802A396FC3000F579F /* Components */ = {
			isa = PBXGroup;
			children = (
				602B4F812A396FD2000F579F /* Users */,
			);
			path = Components;
			sourceTree = "<group>";
		};
		602B4F812A396FD2000F579F /* Users */ = {
			isa = PBXGroup;
			children = (
				602B4F872A397084000F579F /* Views */,
				602B4F832A397047000F579F /* UserModel.swift */,
				602B4F852A39707F000F579F /* UsersViewModel.swift */,
			);
			path = Users;
			sourceTree = "<group>";
		};
		602B4F872A397084000F579F /* Views */ = {
			isa = PBXGroup;
			children = (
				602B4F882A3970BE000F579F /* UsersIndexView.swift */,
				602B4F8A2A3970CB000F579F /* UsersShowView.swift */,
				602B4F902A3986CC000F579F /* UserPannelView.swift */,
			);
			path = Views;
			sourceTree = "<group>";
		};
		602B4F972A399AAA000F579F /* UsersPOC_UnitTests */ = {
			isa = PBXGroup;
			children = (
				602B4FA22A39A89A000F579F /* ViewModels_Test */,
				602B4F9F2A399AB5000F579F /* Services_Test */,
				602B4F982A399AAA000F579F /* UsersPOC_UnitTests.swift */,
			);
			path = UsersPOC_UnitTests;
			sourceTree = "<group>";
		};
		602B4F9F2A399AB5000F579F /* Services_Test */ = {
			isa = PBXGroup;
			children = (
				602B4FA02A399AE3000F579F /* UserService_Test.swift */,
			);
			path = Services_Test;
			sourceTree = "<group>";
		};
		602B4FA22A39A89A000F579F /* ViewModels_Test */ = {
			isa = PBXGroup;
			children = (
				602B4FA32A39A8D3000F579F /* UserViewModel_Test.swift */,
			);
			path = ViewModels_Test;
			sourceTree = "<group>";
		};
/* End PBXGroup section */

/* Begin PBXNativeTarget section */
		602B4F6D2A396F65000F579F /* UsersPOC */ = {
			isa = PBXNativeTarget;
			buildConfigurationList = 602B4F7C2A396F66000F579F /* Build configuration list for PBXNativeTarget "UsersPOC" */;
			buildPhases = (
				602B4F6A2A396F65000F579F /* Sources */,
				602B4F6B2A396F65000F579F /* Frameworks */,
				602B4F6C2A396F65000F579F /* Resources */,
			);
			buildRules = (
			);
			dependencies = (
			);
			name = UsersPOC;
			productName = UsersPOC;
			productReference = 602B4F6E2A396F65000F579F /* UsersPOC.app */;
			productType = "com.apple.product-type.application";
		};
		602B4F952A399AAA000F579F /* UsersPOC_UnitTests */ = {
			isa = PBXNativeTarget;
			buildConfigurationList = 602B4F9C2A399AAA000F579F /* Build configuration list for PBXNativeTarget "UsersPOC_UnitTests" */;
			buildPhases = (
				602B4F922A399AAA000F579F /* Sources */,
				602B4F932A399AAA000F579F /* Frameworks */,
				602B4F942A399AAA000F579F /* Resources */,
			);
			buildRules = (
			);
			dependencies = (
				602B4F9B2A399AAA000F579F /* PBXTargetDependency */,
			);
			name = UsersPOC_UnitTests;
			productName = UsersPOC_UnitTests;
			productReference = 602B4F962A399AAA000F579F /* UsersPOC_UnitTests.xctest */;
			productType = "com.apple.product-type.bundle.unit-test";
		};
/* End PBXNativeTarget section */

/* Begin PBXProject section */
		602B4F662A396F65000F579F /* Project object */ = {
			isa = PBXProject;
			attributes = {
				BuildIndependentTargetsInParallel = 1;
				LastSwiftUpdateCheck = 1430;
				LastUpgradeCheck = 1430;
				TargetAttributes = {
					602B4F6D2A396F65000F579F = {
						CreatedOnToolsVersion = 14.3;
					};
					602B4F952A399AAA000F579F = {
						CreatedOnToolsVersion = 14.3;
						TestTargetID = 602B4F6D2A396F65000F579F;
					};
				};
			};
			buildConfigurationList = 602B4F692A396F65000F579F /* Build configuration list for PBXProject "UsersPOC" */;
			compatibilityVersion = "Xcode 14.0";
			developmentRegion = en;
			hasScannedForEncodings = 0;
			knownRegions = (
				en,
				Base,
			);
			mainGroup = 602B4F652A396F65000F579F;
			productRefGroup = 602B4F6F2A396F65000F579F /* Products */;
			projectDirPath = "";
			projectRoot = "";
			targets = (
				602B4F6D2A396F65000F579F /* UsersPOC */,
				602B4F952A399AAA000F579F /* UsersPOC_UnitTests */,
			);
		};
/* End PBXProject section */

/* Begin PBXResourcesBuildPhase section */
		602B4F6C2A396F65000F579F /* Resources */ = {
			isa = PBXResourcesBuildPhase;
			buildActionMask = 2147483647;
			files = (
				602B4F792A396F66000F579F /* Preview Assets.xcassets in Resources */,
				602B4F762A396F66000F579F /* Assets.xcassets in Resources */,
			);
			runOnlyForDeploymentPostprocessing = 0;
		};
		602B4F942A399AAA000F579F /* Resources */ = {
			isa = PBXResourcesBuildPhase;
			buildActionMask = 2147483647;
			files = (
			);
			runOnlyForDeploymentPostprocessing = 0;
		};
/* End PBXResourcesBuildPhase section */

/* Begin PBXSourcesBuildPhase section */
		602B4F6A2A396F65000F579F /* Sources */ = {
			isa = PBXSourcesBuildPhase;
			buildActionMask = 2147483647;
			files = (
				602B4F8D2A3970F2000F579F /* UserService.swift in Sources */,
				602B4F8F2A397815000F579F /* NetworkError.swift in Sources */,
				602B4F742A396F65000F579F /* ContentView.swift in Sources */,
				602B4F892A3970BE000F579F /* UsersIndexView.swift in Sources */,
				602B4F8B2A3970CB000F579F /* UsersShowView.swift in Sources */,
				602B4F842A397047000F579F /* UserModel.swift in Sources */,
				602B4F862A39707F000F579F /* UsersViewModel.swift in Sources */,
				602B4F722A396F65000F579F /* UsersPOCApp.swift in Sources */,
				602B4F912A3986CC000F579F /* UserPannelView.swift in Sources */,
			);
			runOnlyForDeploymentPostprocessing = 0;
		};
		602B4F922A399AAA000F579F /* Sources */ = {
			isa = PBXSourcesBuildPhase;
			buildActionMask = 2147483647;
			files = (
				602B4FA42A39A8D3000F579F /* UserViewModel_Test.swift in Sources */,
				602B4FA12A399AE3000F579F /* UserService_Test.swift in Sources */,
				602B4F992A399AAA000F579F /* UsersPOC_UnitTests.swift in Sources */,
			);
			runOnlyForDeploymentPostprocessing = 0;
		};
/* End PBXSourcesBuildPhase section */

/* Begin PBXTargetDependency section */
		602B4F9B2A399AAA000F579F /* PBXTargetDependency */ = {
			isa = PBXTargetDependency;
			target = 602B4F6D2A396F65000F579F /* UsersPOC */;
			targetProxy = 602B4F9A2A399AAA000F579F /* PBXContainerItemProxy */;
		};
/* End PBXTargetDependency section */

/* Begin XCBuildConfiguration section */
		602B4F7A2A396F66000F579F /* Debug */ = {
			isa = XCBuildConfiguration;
			buildSettings = {
				ALWAYS_SEARCH_USER_PATHS = NO;
				CLANG_ANALYZER_NONNULL = YES;
				CLANG_ANALYZER_NUMBER_OBJECT_CONVERSION = YES_AGGRESSIVE;
				CLANG_CXX_LANGUAGE_STANDARD = "gnu++20";
				CLANG_ENABLE_MODULES = YES;
				CLANG_ENABLE_OBJC_ARC = YES;
				CLANG_ENABLE_OBJC_WEAK = YES;
				CLANG_WARN_BLOCK_CAPTURE_AUTORELEASING = YES;
				CLANG_WARN_BOOL_CONVERSION = YES;
				CLANG_WARN_COMMA = YES;
				CLANG_WARN_CONSTANT_CONVERSION = YES;
				CLANG_WARN_DEPRECATED_OBJC_IMPLEMENTATIONS = YES;
				CLANG_WARN_DIRECT_OBJC_ISA_USAGE = YES_ERROR;
				CLANG_WARN_DOCUMENTATION_COMMENTS = YES;
				CLANG_WARN_EMPTY_BODY = YES;
				CLANG_WARN_ENUM_CONVERSION = YES;
				CLANG_WARN_INFINITE_RECURSION = YES;
				CLANG_WARN_INT_CONVERSION = YES;
				CLANG_WARN_NON_LITERAL_NULL_CONVERSION = YES;
				CLANG_WARN_OBJC_IMPLICIT_RETAIN_SELF = YES;
				CLANG_WARN_OBJC_LITERAL_CONVERSION = YES;
				CLANG_WARN_OBJC_ROOT_CLASS = YES_ERROR;
				CLANG_WARN_QUOTED_INCLUDE_IN_FRAMEWORK_HEADER = YES;
				CLANG_WARN_RANGE_LOOP_ANALYSIS = YES;
				CLANG_WARN_STRICT_PROTOTYPES = YES;
				CLANG_WARN_SUSPICIOUS_MOVE = YES;
				CLANG_WARN_UNGUARDED_AVAILABILITY = YES_AGGRESSIVE;
				CLANG_WARN_UNREACHABLE_CODE = YES;
				CLANG_WARN__DUPLICATE_METHOD_MATCH = YES;
				COPY_PHASE_STRIP = NO;
				DEBUG_INFORMATION_FORMAT = dwarf;
				ENABLE_STRICT_OBJC_MSGSEND = YES;
				ENABLE_TESTABILITY = YES;
				GCC_C_LANGUAGE_STANDARD = gnu11;
				GCC_DYNAMIC_NO_PIC = NO;
				GCC_NO_COMMON_BLOCKS = YES;
				GCC_OPTIMIZATION_LEVEL = 0;
				GCC_PREPROCESSOR_DEFINITIONS = (
					"DEBUG=1",
					"$(inherited)",
				);
				GCC_WARN_64_TO_32_BIT_CONVERSION = YES;
				GCC_WARN_ABOUT_RETURN_TYPE = YES_ERROR;
				GCC_WARN_UNDECLARED_SELECTOR = YES;
				GCC_WARN_UNINITIALIZED_AUTOS = YES_AGGRESSIVE;
				GCC_WARN_UNUSED_FUNCTION = YES;
				GCC_WARN_UNUSED_VARIABLE = YES;
				IPHONEOS_DEPLOYMENT_TARGET = 16.4;
				MTL_ENABLE_DEBUG_INFO = INCLUDE_SOURCE;
				MTL_FAST_MATH = YES;
				ONLY_ACTIVE_ARCH = YES;
				SDKROOT = iphoneos;
				SWIFT_ACTIVE_COMPILATION_CONDITIONS = DEBUG;
				SWIFT_OPTIMIZATION_LEVEL = "-Onone";
			};
			name = Debug;
		};
		602B4F7B2A396F66000F579F /* Release */ = {
			isa = XCBuildConfiguration;
			buildSettings = {
				ALWAYS_SEARCH_USER_PATHS = NO;
				CLANG_ANALYZER_NONNULL = YES;
				CLANG_ANALYZER_NUMBER_OBJECT_CONVERSION = YES_AGGRESSIVE;
				CLANG_CXX_LANGUAGE_STANDARD = "gnu++20";
				CLANG_ENABLE_MODULES = YES;
				CLANG_ENABLE_OBJC_ARC = YES;
				CLANG_ENABLE_OBJC_WEAK = YES;
				CLANG_WARN_BLOCK_CAPTURE_AUTORELEASING = YES;
				CLANG_WARN_BOOL_CONVERSION = YES;
				CLANG_WARN_COMMA = YES;
				CLANG_WARN_CONSTANT_CONVERSION = YES;
				CLANG_WARN_DEPRECATED_OBJC_IMPLEMENTATIONS = YES;
				CLANG_WARN_DIRECT_OBJC_ISA_USAGE = YES_ERROR;
				CLANG_WARN_DOCUMENTATION_COMMENTS = YES;
				CLANG_WARN_EMPTY_BODY = YES;
				CLANG_WARN_ENUM_CONVERSION = YES;
				CLANG_WARN_INFINITE_RECURSION = YES;
				CLANG_WARN_INT_CONVERSION = YES;
				CLANG_WARN_NON_LITERAL_NULL_CONVERSION = YES;
				CLANG_WARN_OBJC_IMPLICIT_RETAIN_SELF = YES;
				CLANG_WARN_OBJC_LITERAL_CONVERSION = YES;
				CLANG_WARN_OBJC_ROOT_CLASS = YES_ERROR;
				CLANG_WARN_QUOTED_INCLUDE_IN_FRAMEWORK_HEADER = YES;
				CLANG_WARN_RANGE_LOOP_ANALYSIS = YES;
				CLANG_WARN_STRICT_PROTOTYPES = YES;
				CLANG_WARN_SUSPICIOUS_MOVE = YES;
				CLANG_WARN_UNGUARDED_AVAILABILITY = YES_AGGRESSIVE;
				CLANG_WARN_UNREACHABLE_CODE = YES;
				CLANG_WARN__DUPLICATE_METHOD_MATCH = YES;
				COPY_PHASE_STRIP = NO;
				DEBUG_INFORMATION_FORMAT = "dwarf-with-dsym";
				ENABLE_NS_ASSERTIONS = NO;
				ENABLE_STRICT_OBJC_MSGSEND = YES;
				GCC_C_LANGUAGE_STANDARD = gnu11;
				GCC_NO_COMMON_BLOCKS = YES;
				GCC_WARN_64_TO_32_BIT_CONVERSION = YES;
				GCC_WARN_ABOUT_RETURN_TYPE = YES_ERROR;
				GCC_WARN_UNDECLARED_SELECTOR = YES;
				GCC_WARN_UNINITIALIZED_AUTOS = YES_AGGRESSIVE;
				GCC_WARN_UNUSED_FUNCTION = YES;
				GCC_WARN_UNUSED_VARIABLE = YES;
				IPHONEOS_DEPLOYMENT_TARGET = 16.4;
				MTL_ENABLE_DEBUG_INFO = NO;
				MTL_FAST_MATH = YES;
				SDKROOT = iphoneos;
				SWIFT_COMPILATION_MODE = wholemodule;
				SWIFT_OPTIMIZATION_LEVEL = "-O";
				VALIDATE_PRODUCT = YES;
			};
			name = Release;
		};
		602B4F7D2A396F66000F579F /* Debug */ = {
			isa = XCBuildConfiguration;
			buildSettings = {
				ASSETCATALOG_COMPILER_APPICON_NAME = AppIcon;
				ASSETCATALOG_COMPILER_GLOBAL_ACCENT_COLOR_NAME = AccentColor;
				CODE_SIGN_STYLE = Automatic;
				CURRENT_PROJECT_VERSION = 1;
				DEVELOPMENT_ASSET_PATHS = "\"UsersPOC/Preview Content\"";
				DEVELOPMENT_TEAM = U3LRV99U6L;
				ENABLE_PREVIEWS = YES;
				GENERATE_INFOPLIST_FILE = YES;
				INFOPLIST_KEY_UIApplicationSceneManifest_Generation = YES;
				INFOPLIST_KEY_UIApplicationSupportsIndirectInputEvents = YES;
				INFOPLIST_KEY_UILaunchScreen_Generation = YES;
				INFOPLIST_KEY_UISupportedInterfaceOrientations_iPad = "UIInterfaceOrientationPortrait UIInterfaceOrientationPortraitUpsideDown UIInterfaceOrientationLandscapeLeft UIInterfaceOrientationLandscapeRight";
				INFOPLIST_KEY_UISupportedInterfaceOrientations_iPhone = "UIInterfaceOrientationPortrait UIInterfaceOrientationLandscapeLeft UIInterfaceOrientationLandscapeRight";
				LD_RUNPATH_SEARCH_PATHS = (
					"$(inherited)",
					"@executable_path/Frameworks",
				);
				MARKETING_VERSION = 1.0;
				PRODUCT_BUNDLE_IDENTIFIER = com.kzk.UsersPOC;
				PRODUCT_NAME = "$(TARGET_NAME)";
				SWIFT_EMIT_LOC_STRINGS = YES;
				SWIFT_VERSION = 5.0;
				TARGETED_DEVICE_FAMILY = "1,2";
			};
			name = Debug;
		};
		602B4F7E2A396F66000F579F /* Release */ = {
			isa = XCBuildConfiguration;
			buildSettings = {
				ASSETCATALOG_COMPILER_APPICON_NAME = AppIcon;
				ASSETCATALOG_COMPILER_GLOBAL_ACCENT_COLOR_NAME = AccentColor;
				CODE_SIGN_STYLE = Automatic;
				CURRENT_PROJECT_VERSION = 1;
				DEVELOPMENT_ASSET_PATHS = "\"UsersPOC/Preview Content\"";
				DEVELOPMENT_TEAM = U3LRV99U6L;
				ENABLE_PREVIEWS = YES;
				GENERATE_INFOPLIST_FILE = YES;
				INFOPLIST_KEY_UIApplicationSceneManifest_Generation = YES;
				INFOPLIST_KEY_UIApplicationSupportsIndirectInputEvents = YES;
				INFOPLIST_KEY_UILaunchScreen_Generation = YES;
				INFOPLIST_KEY_UISupportedInterfaceOrientations_iPad = "UIInterfaceOrientationPortrait UIInterfaceOrientationPortraitUpsideDown UIInterfaceOrientationLandscapeLeft UIInterfaceOrientationLandscapeRight";
				INFOPLIST_KEY_UISupportedInterfaceOrientations_iPhone = "UIInterfaceOrientationPortrait UIInterfaceOrientationLandscapeLeft UIInterfaceOrientationLandscapeRight";
				LD_RUNPATH_SEARCH_PATHS = (
					"$(inherited)",
					"@executable_path/Frameworks",
				);
				MARKETING_VERSION = 1.0;
				PRODUCT_BUNDLE_IDENTIFIER = com.kzk.UsersPOC;
				PRODUCT_NAME = "$(TARGET_NAME)";
				SWIFT_EMIT_LOC_STRINGS = YES;
				SWIFT_VERSION = 5.0;
				TARGETED_DEVICE_FAMILY = "1,2";
			};
			name = Release;
		};
		602B4F9D2A399AAA000F579F /* Debug */ = {
			isa = XCBuildConfiguration;
			buildSettings = {
				BUNDLE_LOADER = "$(TEST_HOST)";
				CODE_SIGN_STYLE = Automatic;
				CURRENT_PROJECT_VERSION = 1;
				DEVELOPMENT_TEAM = U3LRV99U6L;
				GENERATE_INFOPLIST_FILE = YES;
				MARKETING_VERSION = 1.0;
				PRODUCT_BUNDLE_IDENTIFIER = "com.kzk.UsersPOC-UnitTests";
				PRODUCT_NAME = "$(TARGET_NAME)";
				SWIFT_EMIT_LOC_STRINGS = NO;
				SWIFT_VERSION = 5.0;
				TARGETED_DEVICE_FAMILY = "1,2";
				TEST_HOST = "$(BUILT_PRODUCTS_DIR)/UsersPOC.app/$(BUNDLE_EXECUTABLE_FOLDER_PATH)/UsersPOC";
			};
			name = Debug;
		};
		602B4F9E2A399AAA000F579F /* Release */ = {
			isa = XCBuildConfiguration;
			buildSettings = {
				BUNDLE_LOADER = "$(TEST_HOST)";
				CODE_SIGN_STYLE = Automatic;
				CURRENT_PROJECT_VERSION = 1;
				DEVELOPMENT_TEAM = U3LRV99U6L;
				GENERATE_INFOPLIST_FILE = YES;
				MARKETING_VERSION = 1.0;
				PRODUCT_BUNDLE_IDENTIFIER = "com.kzk.UsersPOC-UnitTests";
				PRODUCT_NAME = "$(TARGET_NAME)";
				SWIFT_EMIT_LOC_STRINGS = NO;
				SWIFT_VERSION = 5.0;
				TARGETED_DEVICE_FAMILY = "1,2";
				TEST_HOST = "$(BUILT_PRODUCTS_DIR)/UsersPOC.app/$(BUNDLE_EXECUTABLE_FOLDER_PATH)/UsersPOC";
			};
			name = Release;
		};
/* End XCBuildConfiguration section */

/* Begin XCConfigurationList section */
		602B4F692A396F65000F579F /* Build configuration list for PBXProject "UsersPOC" */ = {
			isa = XCConfigurationList;
			buildConfigurations = (
				602B4F7A2A396F66000F579F /* Debug */,
				602B4F7B2A396F66000F579F /* Release */,
			);
			defaultConfigurationIsVisible = 0;
			defaultConfigurationName = Release;
		};
		602B4F7C2A396F66000F579F /* Build configuration list for PBXNativeTarget "UsersPOC" */ = {
			isa = XCConfigurationList;
			buildConfigurations = (
				602B4F7D2A396F66000F579F /* Debug */,
				602B4F7E2A396F66000F579F /* Release */,
			);
			defaultConfigurationIsVisible = 0;
			defaultConfigurationName = Release;
		};
		602B4F9C2A399AAA000F579F /* Build configuration list for PBXNativeTarget "UsersPOC_UnitTests" */ = {
			isa = XCConfigurationList;
			buildConfigurations = (
				602B4F9D2A399AAA000F579F /* Debug */,
				602B4F9E2A399AAA000F579F /* Release */,
			);
			defaultConfigurationIsVisible = 0;
			defaultConfigurationName = Release;
		};
/* End XCConfigurationList section */
	};
	rootObject = 602B4F662A396F65000F579F /* Project object */;
}
